Microsoft Visual Studio Solution File, Format Version 12.00
# Visual Studio Version 17
VisualStudioVersion = 17.5.2.0
MinimumVisualStudioVersion = 10.0.40219.1
Project("{FAE04EC0-301F-11D3-BF4B-00C04F79EFBC}") = "working", "working.csproj", "{353D4C34-B5DF-BBCB-23F5-0F18C1043D4E}"
EndProject
Global
	GlobalSection(SolutionConfigurationPlatforms) = preSolution
		Debug|Any CPU = Debug|Any CPU
		Release|Any CPU = Release|Any CPU
	EndGlobalSection
	GlobalSection(ProjectConfigurationPlatforms) = postSolution
		{353D4C34-B5DF-BBCB-23F5-0F18C1043D4E}.Debug|Any CPU.ActiveCfg = Debug|Any CPU
		{353D4C34-B5DF-BBCB-23F5-0F18C1043D4E}.Debug|Any CPU.Build.0 = Debug|Any CPU
		{353D4C34-B5DF-BBCB-23F5-0F18C1043D4E}.Release|Any CPU.ActiveCfg = Release|Any CPU
		{353D4C34-B5DF-BBCB-23F5-0F18C1043D4E}.Release|Any CPU.Build.0 = Release|Any CPU
	EndGlobalSection
	GlobalSection(SolutionProperties) = preSolution
		HideSolutionNode = FALSE
	EndGlobalSection
	GlobalSection(ExtensibilityGlobals) = postSolution
		SolutionGuid = {37FE8312-DC85-4FBB-A746-B38831D6B9CB}
	EndGlobalSection
EndGlobal
